{
  "name": "Michael-s_dom_monastery",
  "lockfileVersion": 2,
  "requires": true,
  "packages": {
    "": {
      "dependencies": {
        "simplelightbox": "^2.10.4",
        "tui-pagination": "^3.4.1"
      }
    },
    "node_modules/simplelightbox": {
      "version": "2.10.4",
      "resolved": "https://registry.npmjs.org/simplelightbox/-/simplelightbox-2.10.4.tgz",
      "integrity": "sha512-1sPONJV5wpzLhVCmZjkqa146mYy2kzZfvsljJ11acjMXOX2wL/KJ9Q2uanMsJUh09Ljq/pHEcTt9mCFWM7d/AQ=="
    },
    "node_modules/tui-pagination": {
      "version": "3.4.1",
      "resolved": "https://registry.npmjs.org/tui-pagination/-/tui-pagination-3.4.1.tgz",
      "integrity": "sha512-W09L0wPMSFstthBhQjcLNDnN1yuCEDn/tIXmaKdTpNFYa11eNrNo/rOwXzrugXvP2arZ60KmVhkFzoAOEuV0Sg=="
    }
  },
  "dependencies": {
    "simplelightbox": {
      "version": "2.10.4",
      "resolved": "https://registry.npmjs.org/simplelightbox/-/simplelightbox-2.10.4.tgz",
      "integrity": "sha512-1sPONJV5wpzLhVCmZjkqa146mYy2kzZfvsljJ11acjMXOX2wL/KJ9Q2uanMsJUh09Ljq/pHEcTt9mCFWM7d/AQ=="
    },
    "tui-pagination": {
      "version": "3.4.1",
      "resolved": "https://registry.npmjs.org/tui-pagination/-/tui-pagination-3.4.1.tgz",
      "integrity": "sha512-W09L0wPMSFstthBhQjcLNDnN1yuCEDn/tIXmaKdTpNFYa11eNrNo/rOwXzrugXvP2arZ60KmVhkFzoAOEuV0Sg=="
    }
  }
}
